
Microsoft Visual Studio Solution File, Format Version 12.00
# Visual Studio Version 16
VisualStudioVersion = 16.0.31624.102
MinimumVisualStudioVersion = 10.0.40219.1
Project("{8BC9CEB8-8B4A-11D0-8D11-00A0C91BC942}") = "diit_op1b_911_safonova", "diit_op1b_911_safonova.vcxproj", "{BA2571B3-D06B-4E77-8ACE-848682A1C653}"
EndProject
Global
	GlobalSection(SolutionConfigurationPlatforms) = preSolution
		Debug|x64 = Debug|x64
		Debug|x86 = Debug|x86
		Release|x64 = Release|x64
		Release|x86 = Release|x86
	EndGlobalSection
	GlobalSection(ProjectConfigurationPlatforms) = postSolution
		{BA2571B3-D06B-4E77-8ACE-848682A1C653}.Debug|x64.ActiveCfg = Debug|x64
		{BA2571B3-D06B-4E77-8ACE-848682A1C653}.Debug|x64.Build.0 = Debug|x64
		{BA2571B3-D06B-4E77-8ACE-848682A1C653}.Debug|x86.ActiveCfg = Debug|Win32
		{BA2571B3-D06B-4E77-8ACE-848682A1C653}.Debug|x86.Build.0 = Debug|Win32
		{BA2571B3-D06B-4E77-8ACE-848682A1C653}.Release|x64.ActiveCfg = Release|x64
		{BA2571B3-D06B-4E77-8ACE-848682A1C653}.Release|x64.Build.0 = Release|x64
		{BA2571B3-D06B-4E77-8ACE-848682A1C653}.Release|x86.ActiveCfg = Release|Win32
		{BA2571B3-D06B-4E77-8ACE-848682A1C653}.Release|x86.Build.0 = Release|Win32
	EndGlobalSection
	GlobalSection(SolutionProperties) = preSolution
		HideSolutionNode = FALSE
	EndGlobalSection
	GlobalSection(ExtensibilityGlobals) = postSolution
		SolutionGuid = {F683B3FD-B1C3-4757-A777-912AC85E9785}
	EndGlobalSection
EndGlobal
